
Microsoft Visual Studio Solution File, Format Version 12.00
# Visual Studio Version 17
VisualStudioVersion = 17.7.34024.191
MinimumVisualStudioVersion = 10.0.40219.1
Project("{FAE04EC0-301F-11D3-BF4B-00C04F79EFBC}") = "OOP", "OOP\OOP.csproj", "{88BC2459-94B0-4562-A29D-081E3E2A12CF}"
EndProject
Global
	GlobalSection(SolutionConfigurationPlatforms) = preSolution
		Debug|Any CPU = Debug|Any CPU
		Release|Any CPU = Release|Any CPU
	EndGlobalSection
	GlobalSection(ProjectConfigurationPlatforms) = postSolution
		{88BC2459-94B0-4562-A29D-081E3E2A12CF}.Debug|Any CPU.ActiveCfg = Debug|Any CPU
		{88BC2459-94B0-4562-A29D-081E3E2A12CF}.Debug|Any CPU.Build.0 = Debug|Any CPU
		{88BC2459-94B0-4562-A29D-081E3E2A12CF}.Release|Any CPU.ActiveCfg = Release|Any CPU
		{88BC2459-94B0-4562-A29D-081E3E2A12CF}.Release|Any CPU.Build.0 = Release|Any CPU
	EndGlobalSection
	GlobalSection(SolutionProperties) = preSolution
		HideSolutionNode = FALSE
	EndGlobalSection
	GlobalSection(ExtensibilityGlobals) = postSolution
		SolutionGuid = {A8482FF8-39D1-496B-A478-5A7293D4A9FE}
	EndGlobalSection
EndGlobal
